github.com/cdoron/datacatalog-go v0.0.0-20220601123610-d0fc887e78f8 h1:HkpGdwxV8fcvw1nUSJQfc/05R5ZftQ7mJ+g6UJbRRvE=
github.com/cdoron/datacatalog-go v0.0.0-20220601123610-d0fc887e78f8/go.mod h1:BjWTf7kLK77+UH+HL2GtgwFsIUsAd0NZQYWGYi/a/yM=
github.com/cdoron/datacatalog-go v0.0.0-20220601124730-cdb9bca2d7db h1:HHKavwcQ4flex9hrTV+sT3t6kwmXVR9orc3pu9ReW/U=
github.com/cdoron/datacatalog-go v0.0.0-20220601124730-cdb9bca2d7db/go.mod h1:BjWTf7kLK77+UH+HL2GtgwFsIUsAd0NZQYWGYi/a/yM=
github.com/felixge/httpsnoop v1.0.1 h1:lvB5Jl89CsZtGIWuTcDM1E/vkVs49/Ml7JJe07l8SPQ=
github.com/felixge/httpsnoop v1.0.1/go.mod h1:m8KPJKqk1gH5J9DgRY2ASl2lWCfGKXixSwevea8zH2U=
github.com/gorilla/handlers v1.5.1 h1:9lRY6j8DEeeBT10CvO9hGW0gmky0BprnvDI5vfhUHH4=
github.com/gorilla/handlers v1.5.1/go.mod h1:t8XrUpc4KVXb7HGyJ4/cEnwQiaxrX/hz1Zv/4g96P1Q=
github.com/gorilla/mux v1.7.3 h1:gnP5JzjVOuiZD07fKKToCAOjS0yOpj/qPETTXCCS6hw=
github.com/gorilla/mux v1.7.3/go.mod h1:1lud6UwP+6orDFRuTfBEV8e9/aOM/c4fVVCaMa2zaAs=
